
Microsoft Visual Studio Solution File, Format Version 12.00
# Visual Studio 15
VisualStudioVersion = 15.0.27130.2010
MinimumVisualStudioVersion = 10.0.40219.1
Project("{FAE04EC0-301F-11D3-BF4B-00C04F79EFBC}") = "ETL.Core", "ETL\ETL.Core.csproj", "{4BFF7B6F-C4D5-49F3-8CE3-79F7CE0FC563}"
EndProject
Project("{FAE04EC0-301F-11D3-BF4B-00C04F79EFBC}") = "ETL.Excel", "ETL.Excel\ETL.Excel.csproj", "{5324C05D-8B83-4941-A764-2D64E279CED9}"
EndProject
Project("{FAE04EC0-301F-11D3-BF4B-00C04F79EFBC}") = "ETL.JSON", "ETL.JSON\ETL.JSON.csproj", "{05EE9262-3F85-4462-8FF4-0745239C3320}"
EndProject
Project("{FAE04EC0-301F-11D3-BF4B-00C04F79EFBC}") = "ETL.SQL", "ETL.SQL\ETL.SQL.csproj", "{7168002B-7D91-426E-9DCC-7CC09FFB7C43}"
EndProject
Project("{FAE04EC0-301F-11D3-BF4B-00C04F79EFBC}") = "ETL.WinForms", "ETL.WinForms\ETL.WinForms.csproj", "{604CCA27-35F7-48DB-9431-14A4613E282D}"
EndProject
Project("{FAE04EC0-301F-11D3-BF4B-00C04F79EFBC}") = "ETL.Web", "ETL.Web\ETL.Web.csproj", "{F258B248-130F-4453-99D6-C72C927B611C}"
EndProject
Project("{2150E333-8FDC-42A3-9474-1A3956D46DE8}") = "Libraries", "Libraries", "{E1840173-D76C-41B9-B937-C8B7F1790AC6}"
EndProject
Project("{FAE04EC0-301F-11D3-BF4B-00C04F79EFBC}") = "ETL.UnitTest", "ETL.UnitTest\ETL.UnitTest.csproj", "{86A00138-A3E2-44B3-A146-70CF64067DB9}"
EndProject
Project("{FAE04EC0-301F-11D3-BF4B-00C04F79EFBC}") = "ETL.FormulaBuilder", "ETL.FormulaBuilder\ETL.FormulaBuilder.csproj", "{C812F741-BC73-42A0-A179-C1A98EBF3542}"
EndProject
Global
	GlobalSection(SolutionConfigurationPlatforms) = preSolution
		Debug|Any CPU = Debug|Any CPU
		Debug|x86 = Debug|x86
		Release|Any CPU = Release|Any CPU
		Release|x86 = Release|x86
	EndGlobalSection
	GlobalSection(ProjectConfigurationPlatforms) = postSolution
		{4BFF7B6F-C4D5-49F3-8CE3-79F7CE0FC563}.Debug|Any CPU.ActiveCfg = Debug|Any CPU
		{4BFF7B6F-C4D5-49F3-8CE3-79F7CE0FC563}.Debug|Any CPU.Build.0 = Debug|Any CPU
		{4BFF7B6F-C4D5-49F3-8CE3-79F7CE0FC563}.Debug|x86.ActiveCfg = Debug|Any CPU
		{4BFF7B6F-C4D5-49F3-8CE3-79F7CE0FC563}.Debug|x86.Build.0 = Debug|Any CPU
		{4BFF7B6F-C4D5-49F3-8CE3-79F7CE0FC563}.Release|Any CPU.ActiveCfg = Release|Any CPU
		{4BFF7B6F-C4D5-49F3-8CE3-79F7CE0FC563}.Release|Any CPU.Build.0 = Release|Any CPU
		{4BFF7B6F-C4D5-49F3-8CE3-79F7CE0FC563}.Release|x86.ActiveCfg = Release|Any CPU
		{4BFF7B6F-C4D5-49F3-8CE3-79F7CE0FC563}.Release|x86.Build.0 = Release|Any CPU
		{5324C05D-8B83-4941-A764-2D64E279CED9}.Debug|Any CPU.ActiveCfg = Debug|Any CPU
		{5324C05D-8B83-4941-A764-2D64E279CED9}.Debug|Any CPU.Build.0 = Debug|Any CPU
		{5324C05D-8B83-4941-A764-2D64E279CED9}.Debug|x86.ActiveCfg = Debug|Any CPU
		{5324C05D-8B83-4941-A764-2D64E279CED9}.Debug|x86.Build.0 = Debug|Any CPU
		{5324C05D-8B83-4941-A764-2D64E279CED9}.Release|Any CPU.ActiveCfg = Release|Any CPU
		{5324C05D-8B83-4941-A764-2D64E279CED9}.Release|Any CPU.Build.0 = Release|Any CPU
		{5324C05D-8B83-4941-A764-2D64E279CED9}.Release|x86.ActiveCfg = Release|Any CPU
		{5324C05D-8B83-4941-A764-2D64E279CED9}.Release|x86.Build.0 = Release|Any CPU
		{05EE9262-3F85-4462-8FF4-0745239C3320}.Debug|Any CPU.ActiveCfg = Debug|Any CPU
		{05EE9262-3F85-4462-8FF4-0745239C3320}.Debug|Any CPU.Build.0 = Debug|Any CPU
		{05EE9262-3F85-4462-8FF4-0745239C3320}.Debug|x86.ActiveCfg = Debug|Any CPU
		{05EE9262-3F85-4462-8FF4-0745239C3320}.Debug|x86.Build.0 = Debug|Any CPU
		{05EE9262-3F85-4462-8FF4-0745239C3320}.Release|Any CPU.ActiveCfg = Release|Any CPU
		{05EE9262-3F85-4462-8FF4-0745239C3320}.Release|Any CPU.Build.0 = Release|Any CPU
		{05EE9262-3F85-4462-8FF4-0745239C3320}.Release|x86.ActiveCfg = Release|Any CPU
		{05EE9262-3F85-4462-8FF4-0745239C3320}.Release|x86.Build.0 = Release|Any CPU
		{7168002B-7D91-426E-9DCC-7CC09FFB7C43}.Debug|Any CPU.ActiveCfg = Debug|Any CPU
		{7168002B-7D91-426E-9DCC-7CC09FFB7C43}.Debug|Any CPU.Build.0 = Debug|Any CPU
		{7168002B-7D91-426E-9DCC-7CC09FFB7C43}.Debug|x86.ActiveCfg = Debug|Any CPU
		{7168002B-7D91-426E-9DCC-7CC09FFB7C43}.Debug|x86.Build.0 = Debug|Any CPU
		{7168002B-7D91-426E-9DCC-7CC09FFB7C43}.Release|Any CPU.ActiveCfg = Release|Any CPU
		{7168002B-7D91-426E-9DCC-7CC09FFB7C43}.Release|Any CPU.Build.0 = Release|Any CPU
		{7168002B-7D91-426E-9DCC-7CC09FFB7C43}.Release|x86.ActiveCfg = Release|Any CPU
		{7168002B-7D91-426E-9DCC-7CC09FFB7C43}.Release|x86.Build.0 = Release|Any CPU
		{604CCA27-35F7-48DB-9431-14A4613E282D}.Debug|Any CPU.ActiveCfg = Debug|x86
		{604CCA27-35F7-48DB-9431-14A4613E282D}.Debug|Any CPU.Build.0 = Debug|x86
		{604CCA27-35F7-48DB-9431-14A4613E282D}.Debug|x86.ActiveCfg = Debug|x86
		{604CCA27-35F7-48DB-9431-14A4613E282D}.Debug|x86.Build.0 = Debug|x86
		{604CCA27-35F7-48DB-9431-14A4613E282D}.Release|Any CPU.ActiveCfg = Release|x86
		{604CCA27-35F7-48DB-9431-14A4613E282D}.Release|x86.ActiveCfg = Release|x86
		{604CCA27-35F7-48DB-9431-14A4613E282D}.Release|x86.Build.0 = Release|x86
		{F258B248-130F-4453-99D6-C72C927B611C}.Debug|Any CPU.ActiveCfg = Debug|Any CPU
		{F258B248-130F-4453-99D6-C72C927B611C}.Debug|Any CPU.Build.0 = Debug|Any CPU
		{F258B248-130F-4453-99D6-C72C927B611C}.Debug|x86.ActiveCfg = Debug|Any CPU
		{F258B248-130F-4453-99D6-C72C927B611C}.Debug|x86.Build.0 = Debug|Any CPU
		{F258B248-130F-4453-99D6-C72C927B611C}.Release|Any CPU.ActiveCfg = Release|Any CPU
		{F258B248-130F-4453-99D6-C72C927B611C}.Release|Any CPU.Build.0 = Release|Any CPU
		{F258B248-130F-4453-99D6-C72C927B611C}.Release|x86.ActiveCfg = Release|Any CPU
		{F258B248-130F-4453-99D6-C72C927B611C}.Release|x86.Build.0 = Release|Any CPU
		{86A00138-A3E2-44B3-A146-70CF64067DB9}.Debug|Any CPU.ActiveCfg = Debug|Any CPU
		{86A00138-A3E2-44B3-A146-70CF64067DB9}.Debug|Any CPU.Build.0 = Debug|Any CPU
		{86A00138-A3E2-44B3-A146-70CF64067DB9}.Debug|x86.ActiveCfg = Debug|Any CPU
		{86A00138-A3E2-44B3-A146-70CF64067DB9}.Debug|x86.Build.0 = Debug|Any CPU
		{86A00138-A3E2-44B3-A146-70CF64067DB9}.Release|Any CPU.ActiveCfg = Release|Any CPU
		{86A00138-A3E2-44B3-A146-70CF64067DB9}.Release|Any CPU.Build.0 = Release|Any CPU
		{86A00138-A3E2-44B3-A146-70CF64067DB9}.Release|x86.ActiveCfg = Release|Any CPU
		{86A00138-A3E2-44B3-A146-70CF64067DB9}.Release|x86.Build.0 = Release|Any CPU
		{C812F741-BC73-42A0-A179-C1A98EBF3542}.Debug|Any CPU.ActiveCfg = Debug|Any CPU
		{C812F741-BC73-42A0-A179-C1A98EBF3542}.Debug|Any CPU.Build.0 = Debug|Any CPU
		{C812F741-BC73-42A0-A179-C1A98EBF3542}.Debug|x86.ActiveCfg = Debug|Any CPU
		{C812F741-BC73-42A0-A179-C1A98EBF3542}.Debug|x86.Build.0 = Debug|Any CPU
		{C812F741-BC73-42A0-A179-C1A98EBF3542}.Release|Any CPU.ActiveCfg = Release|Any CPU
		{C812F741-BC73-42A0-A179-C1A98EBF3542}.Release|Any CPU.Build.0 = Release|Any CPU
		{C812F741-BC73-42A0-A179-C1A98EBF3542}.Release|x86.ActiveCfg = Release|Any CPU
		{C812F741-BC73-42A0-A179-C1A98EBF3542}.Release|x86.Build.0 = Release|Any CPU
	EndGlobalSection
	GlobalSection(SolutionProperties) = preSolution
		HideSolutionNode = FALSE
	EndGlobalSection
	GlobalSection(NestedProjects) = preSolution
		{4BFF7B6F-C4D5-49F3-8CE3-79F7CE0FC563} = {E1840173-D76C-41B9-B937-C8B7F1790AC6}
		{5324C05D-8B83-4941-A764-2D64E279CED9} = {E1840173-D76C-41B9-B937-C8B7F1790AC6}
		{05EE9262-3F85-4462-8FF4-0745239C3320} = {E1840173-D76C-41B9-B937-C8B7F1790AC6}
		{7168002B-7D91-426E-9DCC-7CC09FFB7C43} = {E1840173-D76C-41B9-B937-C8B7F1790AC6}
		{F258B248-130F-4453-99D6-C72C927B611C} = {E1840173-D76C-41B9-B937-C8B7F1790AC6}
		{C812F741-BC73-42A0-A179-C1A98EBF3542} = {E1840173-D76C-41B9-B937-C8B7F1790AC6}
	EndGlobalSection
	GlobalSection(ExtensibilityGlobals) = postSolution
		SolutionGuid = {BDA21356-2304-412A-81EC-4E5ACD90056B}
	EndGlobalSection
EndGlobal
